// !$*UTF8*$!
{
	archiveVersion = 1;
	classes = {
	};
	objectVersion = 46;
	objects = {

/* Begin PBXAggregateTarget section */
		"ghgungnircore::ghgungnircorePackageTests::ProductTarget" /* ghgungnircorePackageTests */ = {
			isa = PBXAggregateTarget;
			buildConfigurationList = OBJ_32 /* Build configuration list for PBXAggregateTarget "ghgungnircorePackageTests" */;
			buildPhases = (
			);
			dependencies = (
				OBJ_35 /* PBXTargetDependency */,
			);
			name = ghgungnircorePackageTests;
			productName = ghgungnircorePackageTests;
		};
/* End PBXAggregateTarget section */

/* Begin PBXBuildFile section */
		922C2F7A274CB6190013D86E /* GHGlobalConfig.swift in Sources */ = {isa = PBXBuildFile; fileRef = 922C2F79274CB6190013D86E /* GHGlobalConfig.swift */; };
		922C2F7D274CB7BE0013D86E /* GHDeviceManager.swift in Sources */ = {isa = PBXBuildFile; fileRef = 922C2F7C274CB7BE0013D86E /* GHDeviceManager.swift */; };
		922C2F80274CB82A0013D86E /* GHDeviceExtension.swift in Sources */ = {isa = PBXBuildFile; fileRef = 922C2F7F274CB82A0013D86E /* GHDeviceExtension.swift */; };
		922C2F83274CB8720013D86E /* GHGlobalExtension.swift in Sources */ = {isa = PBXBuildFile; fileRef = 922C2F82274CB8720013D86E /* GHGlobalExtension.swift */; };
		922C2F86274CBA880013D86E /* GHError.swift in Sources */ = {isa = PBXBuildFile; fileRef = 922C2F85274CBA880013D86E /* GHError.swift */; };
		OBJ_30 /* Package.swift in Sources */ = {isa = PBXBuildFile; fileRef = OBJ_6 /* Package.swift */; };
		OBJ_41 /* ghgungnircoreTests.swift in Sources */ = {isa = PBXBuildFile; fileRef = OBJ_13 /* ghgungnircoreTests.swift */; };
		OBJ_43 /* ghgungnircore.framework in Frameworks */ = {isa = PBXBuildFile; fileRef = "ghgungnircore::ghgungnircore::Product" /* ghgungnircore.framework */; };
/* End PBXBuildFile section */

/* Begin PBXContainerItemProxy section */
		922C2F76274CB59D0013D86E /* PBXContainerItemProxy */ = {
			isa = PBXContainerItemProxy;
			containerPortal = OBJ_1 /* Project object */;
			proxyType = 1;
			remoteGlobalIDString = "ghgungnircore::ghgungnircore";
			remoteInfo = ghgungnircore;
		};
		922C2F77274CB59D0013D86E /* PBXContainerItemProxy */ = {
			isa = PBXContainerItemProxy;
			containerPortal = OBJ_1 /* Project object */;
			proxyType = 1;
			remoteGlobalIDString = "ghgungnircore::ghgungnircoreTests";
			remoteInfo = ghgungnircoreTests;
		};
/* End PBXContainerItemProxy section */

/* Begin PBXFileReference section */
		922C2F79274CB6190013D86E /* GHGlobalConfig.swift */ = {isa = PBXFileReference; lastKnownFileType = sourcecode.swift; path = GHGlobalConfig.swift; sourceTree = "<group>"; };
		922C2F7C274CB7BE0013D86E /* GHDeviceManager.swift */ = {isa = PBXFileReference; lastKnownFileType = sourcecode.swift; path = GHDeviceManager.swift; sourceTree = "<group>"; };
		922C2F7F274CB82A0013D86E /* GHDeviceExtension.swift */ = {isa = PBXFileReference; lastKnownFileType = sourcecode.swift; path = GHDeviceExtension.swift; sourceTree = "<group>"; };
		922C2F82274CB8720013D86E /* GHGlobalExtension.swift */ = {isa = PBXFileReference; lastKnownFileType = sourcecode.swift; path = GHGlobalExtension.swift; sourceTree = "<group>"; };
		922C2F85274CBA880013D86E /* GHError.swift */ = {isa = PBXFileReference; lastKnownFileType = sourcecode.swift; path = GHError.swift; sourceTree = "<group>"; };
		OBJ_13 /* ghgungnircoreTests.swift */ = {isa = PBXFileReference; lastKnownFileType = sourcecode.swift; path = ghgungnircoreTests.swift; sourceTree = "<group>"; };
		OBJ_17 /* README.md */ = {isa = PBXFileReference; lastKnownFileType = net.daringfireball.markdown; path = README.md; sourceTree = "<group>"; };
		OBJ_6 /* Package.swift */ = {isa = PBXFileReference; explicitFileType = sourcecode.swift; path = Package.swift; sourceTree = "<group>"; };
		OBJ_9 /* ghgungnircore.h */ = {isa = PBXFileReference; lastKnownFileType = sourcecode.c.h; path = ghgungnircore.h; sourceTree = "<group>"; };
		"ghgungnircore::ghgungnircore::Product" /* ghgungnircore.framework */ = {isa = PBXFileReference; explicitFileType = wrapper.framework; path = ghgungnircore.framework; sourceTree = BUILT_PRODUCTS_DIR; };
		"ghgungnircore::ghgungnircoreTests::Product" /* ghgungnircoreTests.xctest */ = {isa = PBXFileReference; explicitFileType = wrapper.cfbundle; path = ghgungnircoreTests.xctest; sourceTree = BUILT_PRODUCTS_DIR; };
/* End PBXFileReference section */

/* Begin PBXFrameworksBuildPhase section */
		OBJ_24 /* Frameworks */ = {
			isa = PBXFrameworksBuildPhase;
			buildActionMask = 0;
			files = (
			);
			runOnlyForDeploymentPostprocessing = 0;
		};
		OBJ_42 /* Frameworks */ = {
			isa = PBXFrameworksBuildPhase;
			buildActionMask = 0;
			files = (
				OBJ_43 /* ghgungnircore.framework in Frameworks */,
			);
			runOnlyForDeploymentPostprocessing = 0;
		};
/* End PBXFrameworksBuildPhase section */

/* Begin PBXGroup section */
		922C2F78274CB6010013D86E /* config */ = {
			isa = PBXGroup;
			children = (
				922C2F79274CB6190013D86E /* GHGlobalConfig.swift */,
			);
			path = config;
			sourceTree = "<group>";
		};
		922C2F7B274CB7AC0013D86E /* device */ = {
			isa = PBXGroup;
			children = (
				922C2F7C274CB7BE0013D86E /* GHDeviceManager.swift */,
			);
			path = device;
			sourceTree = "<group>";
		};
		922C2F7E274CB81E0013D86E /* extension */ = {
			isa = PBXGroup;
			children = (
				922C2F82274CB8720013D86E /* GHGlobalExtension.swift */,
				922C2F7F274CB82A0013D86E /* GHDeviceExtension.swift */,
			);
			path = extension;
			sourceTree = "<group>";
		};
		922C2F84274CBA750013D86E /* error */ = {
			isa = PBXGroup;
			children = (
				922C2F85274CBA880013D86E /* GHError.swift */,
			);
			path = error;
			sourceTree = "<group>";
		};
		OBJ_11 /* Tests */ = {
			isa = PBXGroup;
			children = (
				OBJ_12 /* ghgungnircoreTests */,
			);
			name = Tests;
			sourceTree = SOURCE_ROOT;
		};
		OBJ_12 /* ghgungnircoreTests */ = {
			isa = PBXGroup;
			children = (
				OBJ_13 /* ghgungnircoreTests.swift */,
			);
			name = ghgungnircoreTests;
			path = Tests/ghgungnircoreTests;
			sourceTree = SOURCE_ROOT;
		};
		OBJ_14 /* Products */ = {
			isa = PBXGroup;
			children = (
				"ghgungnircore::ghgungnircore::Product" /* ghgungnircore.framework */,
				"ghgungnircore::ghgungnircoreTests::Product" /* ghgungnircoreTests.xctest */,
			);
			name = Products;
			sourceTree = BUILT_PRODUCTS_DIR;
		};
		OBJ_5 /*  */ = {
			isa = PBXGroup;
			children = (
				OBJ_6 /* Package.swift */,
				OBJ_7 /* Sources */,
				OBJ_11 /* Tests */,
				OBJ_14 /* Products */,
				OBJ_17 /* README.md */,
			);
			name = "";
			sourceTree = "<group>";
		};
		OBJ_7 /* Sources */ = {
			isa = PBXGroup;
			children = (
				OBJ_8 /* ghgungnircore */,
			);
			name = Sources;
			sourceTree = SOURCE_ROOT;
		};
		OBJ_8 /* ghgungnircore */ = {
			isa = PBXGroup;
			children = (
				922C2F84274CBA750013D86E /* error */,
				922C2F7E274CB81E0013D86E /* extension */,
				922C2F7B274CB7AC0013D86E /* device */,
				922C2F78274CB6010013D86E /* config */,
				OBJ_9 /* ghgungnircore.h */,
			);
			name = ghgungnircore;
			path = Sources/ghgungnircore;
			sourceTree = SOURCE_ROOT;
		};
/* End PBXGroup section */

/* Begin PBXNativeTarget section */
		"ghgungnircore::SwiftPMPackageDescription" /* ghgungnircorePackageDescription */ = {
			isa = PBXNativeTarget;
			buildConfigurationList = OBJ_26 /* Build configuration list for PBXNativeTarget "ghgungnircorePackageDescription" */;
			buildPhases = (
				OBJ_29 /* Sources */,
			);
			buildRules = (
			);
			dependencies = (
			);
			name = ghgungnircorePackageDescription;
			productName = ghgungnircorePackageDescription;
			productType = "com.apple.product-type.framework";
		};
		"ghgungnircore::ghgungnircore" /* ghgungnircore */ = {
			isa = PBXNativeTarget;
			buildConfigurationList = OBJ_19 /* Build configuration list for PBXNativeTarget "ghgungnircore" */;
			buildPhases = (
				OBJ_22 /* Sources */,
				OBJ_24 /* Frameworks */,
			);
			buildRules = (
			);
			dependencies = (
			);
			name = ghgungnircore;
			productName = ghgungnircore;
			productReference = "ghgungnircore::ghgungnircore::Product" /* ghgungnircore.framework */;
			productType = "com.apple.product-type.framework";
		};
		"ghgungnircore::ghgungnircoreTests" /* ghgungnircoreTests */ = {
			isa = PBXNativeTarget;
			buildConfigurationList = OBJ_37 /* Build configuration list for PBXNativeTarget "ghgungnircoreTests" */;
			buildPhases = (
				OBJ_40 /* Sources */,
				OBJ_42 /* Frameworks */,
			);
			buildRules = (
			);
			dependencies = (
				OBJ_44 /* PBXTargetDependency */,
			);
			name = ghgungnircoreTests;
			productName = ghgungnircoreTests;
			productReference = "ghgungnircore::ghgungnircoreTests::Product" /* ghgungnircoreTests.xctest */;
			productType = "com.apple.product-type.bundle.unit-test";
		};
/* End PBXNativeTarget section */

/* Begin PBXProject section */
		OBJ_1 /* Project object */ = {
			isa = PBXProject;
			attributes = {
				LastSwiftMigration = 9999;
				LastUpgradeCheck = 9999;
				TargetAttributes = {
					"ghgungnircore::ghgungnircore" = {
						LastSwiftMigration = 1310;
					};
				};
			};
			buildConfigurationList = OBJ_2 /* Build configuration list for PBXProject "ghgungnircore" */;
			compatibilityVersion = "Xcode 3.2";
			developmentRegion = en;
			hasScannedForEncodings = 0;
			knownRegions = (
				en,
			);
			mainGroup = OBJ_5 /*  */;
			productRefGroup = OBJ_14 /* Products */;
			projectDirPath = "";
			projectRoot = "";
			targets = (
				"ghgungnircore::ghgungnircore" /* ghgungnircore */,
				"ghgungnircore::SwiftPMPackageDescription" /* ghgungnircorePackageDescription */,
				"ghgungnircore::ghgungnircorePackageTests::ProductTarget" /* ghgungnircorePackageTests */,
				"ghgungnircore::ghgungnircoreTests" /* ghgungnircoreTests */,
			);
		};
/* End PBXProject section */

/* Begin PBXSourcesBuildPhase section */
		OBJ_22 /* Sources */ = {
			isa = PBXSourcesBuildPhase;
			buildActionMask = 0;
			files = (
				922C2F7D274CB7BE0013D86E /* GHDeviceManager.swift in Sources */,
				922C2F86274CBA880013D86E /* GHError.swift in Sources */,
				922C2F83274CB8720013D86E /* GHGlobalExtension.swift in Sources */,
				922C2F80274CB82A0013D86E /* GHDeviceExtension.swift in Sources */,
				922C2F7A274CB6190013D86E /* GHGlobalConfig.swift in Sources */,
			);
			runOnlyForDeploymentPostprocessing = 0;
		};
		OBJ_29 /* Sources */ = {
			isa = PBXSourcesBuildPhase;
			buildActionMask = 0;
			files = (
				OBJ_30 /* Package.swift in Sources */,
			);
			runOnlyForDeploymentPostprocessing = 0;
		};
		OBJ_40 /* Sources */ = {
			isa = PBXSourcesBuildPhase;
			buildActionMask = 0;
			files = (
				OBJ_41 /* ghgungnircoreTests.swift in Sources */,
			);
			runOnlyForDeploymentPostprocessing = 0;
		};
/* End PBXSourcesBuildPhase section */

/* Begin PBXTargetDependency section */
		OBJ_35 /* PBXTargetDependency */ = {
			isa = PBXTargetDependency;
			target = "ghgungnircore::ghgungnircoreTests" /* ghgungnircoreTests */;
			targetProxy = 922C2F77274CB59D0013D86E /* PBXContainerItemProxy */;
		};
		OBJ_44 /* PBXTargetDependency */ = {
			isa = PBXTargetDependency;
			target = "ghgungnircore::ghgungnircore" /* ghgungnircore */;
			targetProxy = 922C2F76274CB59D0013D86E /* PBXContainerItemProxy */;
		};
/* End PBXTargetDependency section */

/* Begin XCBuildConfiguration section */
		OBJ_20 /* Debug */ = {
			isa = XCBuildConfiguration;
			buildSettings = {
				CLANG_ENABLE_MODULES = YES;
				CURRENT_PROJECT_VERSION = 1;
				DEFINES_MODULE = YES;
				DRIVERKIT_DEPLOYMENT_TARGET = 19.0;
				ENABLE_TESTABILITY = YES;
				FRAMEWORK_SEARCH_PATHS = (
					"$(inherited)",
					"$(PLATFORM_DIR)/Developer/Library/Frameworks",
				);
				HEADER_SEARCH_PATHS = "$(inherited)";
				INFOPLIST_FILE = ghgungnircore.xcodeproj/ghgungnircore_Info.plist;
				IPHONEOS_DEPLOYMENT_TARGET = 9.0;
				LD_RUNPATH_SEARCH_PATHS = "$(inherited) $(TOOLCHAIN_DIR)/usr/lib/swift/macosx";
				MACOSX_DEPLOYMENT_TARGET = 10.10;
				OTHER_CFLAGS = "$(inherited)";
				OTHER_LDFLAGS = "$(inherited)";
				OTHER_SWIFT_FLAGS = "$(inherited)";
				PRODUCT_BUNDLE_IDENTIFIER = ghgungnircore;
				PRODUCT_MODULE_NAME = "$(TARGET_NAME:c99extidentifier)";
				PRODUCT_NAME = "$(TARGET_NAME:c99extidentifier)";
				SKIP_INSTALL = YES;
				SWIFT_ACTIVE_COMPILATION_CONDITIONS = "$(inherited)";
				SWIFT_OPTIMIZATION_LEVEL = "-Onone";
				SWIFT_VERSION = 5.0;
				TARGET_NAME = ghgungnircore;
				TVOS_DEPLOYMENT_TARGET = 9.0;
				WATCHOS_DEPLOYMENT_TARGET = 2.0;
			};
			name = Debug;
		};
		OBJ_21 /* Release */ = {
			isa = XCBuildConfiguration;
			buildSettings = {
				CLANG_ENABLE_MODULES = YES;
				CURRENT_PROJECT_VERSION = 1;
				DEFINES_MODULE = YES;
				DRIVERKIT_DEPLOYMENT_TARGET = 19.0;
				ENABLE_TESTABILITY = YES;
				FRAMEWORK_SEARCH_PATHS = (
					"$(inherited)",
					"$(PLATFORM_DIR)/Developer/Library/Frameworks",
				);
				HEADER_SEARCH_PATHS = "$(inherited)";
				INFOPLIST_FILE = ghgungnircore.xcodeproj/ghgungnircore_Info.plist;
				IPHONEOS_DEPLOYMENT_TARGET = 9.0;
				LD_RUNPATH_SEARCH_PATHS = "$(inherited) $(TOOLCHAIN_DIR)/usr/lib/swift/macosx";
				MACOSX_DEPLOYMENT_TARGET = 10.10;
				OTHER_CFLAGS = "$(inherited)";
				OTHER_LDFLAGS = "$(inherited)";
				OTHER_SWIFT_FLAGS = "$(inherited)";
				PRODUCT_BUNDLE_IDENTIFIER = ghgungnircore;
				PRODUCT_MODULE_NAME = "$(TARGET_NAME:c99extidentifier)";
				PRODUCT_NAME = "$(TARGET_NAME:c99extidentifier)";
				SKIP_INSTALL = YES;
				SWIFT_ACTIVE_COMPILATION_CONDITIONS = "$(inherited)";
				SWIFT_VERSION = 5.0;
				TARGET_NAME = ghgungnircore;
				TVOS_DEPLOYMENT_TARGET = 9.0;
				WATCHOS_DEPLOYMENT_TARGET = 2.0;
			};
			name = Release;
		};
		OBJ_27 /* Debug */ = {
			isa = XCBuildConfiguration;
			buildSettings = {
				LD = /usr/bin/true;
				OTHER_SWIFT_FLAGS = "-swift-version 5 -I $(TOOLCHAIN_DIR)/usr/lib/swift/pm/ManifestAPI -sdk /Applications/Xcode.app/Contents/Developer/Platforms/MacOSX.platform/Developer/SDKs/MacOSX12.0.sdk -package-description-version 5.5.0";
				SWIFT_VERSION = 5.0;
			};
			name = Debug;
		};
		OBJ_28 /* Release */ = {
			isa = XCBuildConfiguration;
			buildSettings = {
				LD = /usr/bin/true;
				OTHER_SWIFT_FLAGS = "-swift-version 5 -I $(TOOLCHAIN_DIR)/usr/lib/swift/pm/ManifestAPI -sdk /Applications/Xcode.app/Contents/Developer/Platforms/MacOSX.platform/Developer/SDKs/MacOSX12.0.sdk -package-description-version 5.5.0";
				SWIFT_VERSION = 5.0;
			};
			name = Release;
		};
		OBJ_3 /* Debug */ = {
			isa = XCBuildConfiguration;
			buildSettings = {
				CLANG_ENABLE_OBJC_ARC = YES;
				COMBINE_HIDPI_IMAGES = YES;
				COPY_PHASE_STRIP = NO;
				DEBUG_INFORMATION_FORMAT = dwarf;
				DYLIB_INSTALL_NAME_BASE = "@rpath";
				ENABLE_NS_ASSERTIONS = YES;
				GCC_OPTIMIZATION_LEVEL = 0;
				GCC_PREPROCESSOR_DEFINITIONS = (
					"$(inherited)",
					"SWIFT_PACKAGE=1",
					"DEBUG=1",
				);
				MACOSX_DEPLOYMENT_TARGET = 10.10;
				ONLY_ACTIVE_ARCH = YES;
				OTHER_SWIFT_FLAGS = "$(inherited) -DXcode";
				PRODUCT_NAME = "$(TARGET_NAME)";
				SDKROOT = macosx;
				SUPPORTED_PLATFORMS = "$(AVAILABLE_PLATFORMS)";
				SUPPORTS_MACCATALYST = YES;
				SWIFT_ACTIVE_COMPILATION_CONDITIONS = "$(inherited) SWIFT_PACKAGE DEBUG";
				SWIFT_OPTIMIZATION_LEVEL = "-Onone";
				USE_HEADERMAP = NO;
			};
			name = Debug;
		};
		OBJ_33 /* Debug */ = {
			isa = XCBuildConfiguration;
			buildSettings = {
			};
			name = Debug;
		};
		OBJ_34 /* Release */ = {
			isa = XCBuildConfiguration;
			buildSettings = {
			};
			name = Release;
		};
		OBJ_38 /* Debug */ = {
			isa = XCBuildConfiguration;
			buildSettings = {
				ALWAYS_EMBED_SWIFT_STANDARD_LIBRARIES = YES;
				CLANG_ENABLE_MODULES = YES;
				CURRENT_PROJECT_VERSION = 1;
				DRIVERKIT_DEPLOYMENT_TARGET = 19.0;
				EMBEDDED_CONTENT_CONTAINS_SWIFT = YES;
				FRAMEWORK_SEARCH_PATHS = (
					"$(inherited)",
					"$(PLATFORM_DIR)/Developer/Library/Frameworks",
				);
				HEADER_SEARCH_PATHS = "$(inherited)";
				INFOPLIST_FILE = ghgungnircore.xcodeproj/ghgungnircoreTests_Info.plist;
				IPHONEOS_DEPLOYMENT_TARGET = 14.0;
				LD_RUNPATH_SEARCH_PATHS = "$(inherited) @loader_path/../Frameworks @loader_path/Frameworks";
				MACOSX_DEPLOYMENT_TARGET = 11.0;
				OTHER_CFLAGS = "$(inherited)";
				OTHER_LDFLAGS = "$(inherited)";
				OTHER_SWIFT_FLAGS = "$(inherited)";
				SWIFT_ACTIVE_COMPILATION_CONDITIONS = "$(inherited)";
				SWIFT_VERSION = 5.0;
				TARGET_NAME = ghgungnircoreTests;
				TVOS_DEPLOYMENT_TARGET = 14.0;
				WATCHOS_DEPLOYMENT_TARGET = 7.0;
			};
			name = Debug;
		};
		OBJ_39 /* Release */ = {
			isa = XCBuildConfiguration;
			buildSettings = {
				ALWAYS_EMBED_SWIFT_STANDARD_LIBRARIES = YES;
				CLANG_ENABLE_MODULES = YES;
				CURRENT_PROJECT_VERSION = 1;
				DRIVERKIT_DEPLOYMENT_TARGET = 19.0;
				EMBEDDED_CONTENT_CONTAINS_SWIFT = YES;
				FRAMEWORK_SEARCH_PATHS = (
					"$(inherited)",
					"$(PLATFORM_DIR)/Developer/Library/Frameworks",
				);
				HEADER_SEARCH_PATHS = "$(inherited)";
				INFOPLIST_FILE = ghgungnircore.xcodeproj/ghgungnircoreTests_Info.plist;
				IPHONEOS_DEPLOYMENT_TARGET = 14.0;
				LD_RUNPATH_SEARCH_PATHS = "$(inherited) @loader_path/../Frameworks @loader_path/Frameworks";
				MACOSX_DEPLOYMENT_TARGET = 11.0;
				OTHER_CFLAGS = "$(inherited)";
				OTHER_LDFLAGS = "$(inherited)";
				OTHER_SWIFT_FLAGS = "$(inherited)";
				SWIFT_ACTIVE_COMPILATION_CONDITIONS = "$(inherited)";
				SWIFT_VERSION = 5.0;
				TARGET_NAME = ghgungnircoreTests;
				TVOS_DEPLOYMENT_TARGET = 14.0;
				WATCHOS_DEPLOYMENT_TARGET = 7.0;
			};
			name = Release;
		};
		OBJ_4 /* Release */ = {
			isa = XCBuildConfiguration;
			buildSettings = {
				CLANG_ENABLE_OBJC_ARC = YES;
				COMBINE_HIDPI_IMAGES = YES;
				COPY_PHASE_STRIP = YES;
				DEBUG_INFORMATION_FORMAT = "dwarf-with-dsym";
				DYLIB_INSTALL_NAME_BASE = "@rpath";
				GCC_OPTIMIZATION_LEVEL = s;
				GCC_PREPROCESSOR_DEFINITIONS = (
					"$(inherited)",
					"SWIFT_PACKAGE=1",
				);
				MACOSX_DEPLOYMENT_TARGET = 10.10;
				OTHER_SWIFT_FLAGS = "$(inherited) -DXcode";
				PRODUCT_NAME = "$(TARGET_NAME)";
				SDKROOT = macosx;
				SUPPORTED_PLATFORMS = "$(AVAILABLE_PLATFORMS)";
				SUPPORTS_MACCATALYST = YES;
				SWIFT_ACTIVE_COMPILATION_CONDITIONS = "$(inherited) SWIFT_PACKAGE";
				SWIFT_OPTIMIZATION_LEVEL = "-Owholemodule";
				USE_HEADERMAP = NO;
			};
			name = Release;
		};
/* End XCBuildConfiguration section */

/* Begin XCConfigurationList section */
		OBJ_19 /* Build configuration list for PBXNativeTarget "ghgungnircore" */ = {
			isa = XCConfigurationList;
			buildConfigurations = (
				OBJ_20 /* Debug */,
				OBJ_21 /* Release */,
			);
			defaultConfigurationIsVisible = 0;
			defaultConfigurationName = Release;
		};
		OBJ_2 /* Build configuration list for PBXProject "ghgungnircore" */ = {
			isa = XCConfigurationList;
			buildConfigurations = (
				OBJ_3 /* Debug */,
				OBJ_4 /* Release */,
			);
			defaultConfigurationIsVisible = 0;
			defaultConfigurationName = Release;
		};
		OBJ_26 /* Build configuration list for PBXNativeTarget "ghgungnircorePackageDescription" */ = {
			isa = XCConfigurationList;
			buildConfigurations = (
				OBJ_27 /* Debug */,
				OBJ_28 /* Release */,
			);
			defaultConfigurationIsVisible = 0;
			defaultConfigurationName = Release;
		};
		OBJ_32 /* Build configuration list for PBXAggregateTarget "ghgungnircorePackageTests" */ = {
			isa = XCConfigurationList;
			buildConfigurations = (
				OBJ_33 /* Debug */,
				OBJ_34 /* Release */,
			);
			defaultConfigurationIsVisible = 0;
			defaultConfigurationName = Release;
		};
		OBJ_37 /* Build configuration list for PBXNativeTarget "ghgungnircoreTests" */ = {
			isa = XCConfigurationList;
			buildConfigurations = (
				OBJ_38 /* Debug */,
				OBJ_39 /* Release */,
			);
			defaultConfigurationIsVisible = 0;
			defaultConfigurationName = Release;
		};
/* End XCConfigurationList section */
	};
	rootObject = OBJ_1 /* Project object */;
}
